<Solution>
  <Project Path="Assembly-CSharp.csproj" />
  <Project Path="MarbleRace.Editor.csproj" />
  <Project Path="MarbleRace.Runtime.csproj" />
  <Project Path="MarbleRace.Core.csproj" />
  <Project Path="MarbleRace.Events.csproj" />
  <Project Path="Assembly-CSharp-Editor.csproj" />
  <Project Path="MarbleRace.Data.csproj" />
</Solution>
